
Microsoft Visual Studio Solution File, Format Version 12.00
# Visual Studio 15
VisualStudioVersion = 15.0.27130.2027
MinimumVisualStudioVersion = 10.0.40219.1
Project("{2150E333-8FDC-42A3-9474-1A3956D46DE8}") = "src", "src", "{F84321D6-5C74-4960-AC46-AED4DB263C94}"
EndProject
Project("{2150E333-8FDC-42A3-9474-1A3956D46DE8}") = "Solution Items", "Solution Items", "{4686F642-AE8F-410E-AE28-90C52CE0360D}"
	ProjectSection(SolutionItems) = preProject
		.editorconfig = .editorconfig
		.gitignore = .gitignore
	EndProjectSection
EndProject
Project("{9A19103F-16F7-4668-BE54-9A1E7A4F7556}") = "Sannel.House.Web", "src\Sannel.House.Web\Sannel.House.Web.csproj", "{D0B9249F-7613-4361-8811-8D974AF0FE8E}"
EndProject
Project("{9A19103F-16F7-4668-BE54-9A1E7A4F7556}") = "Sannel.House.Web.Interfaces", "src\Sannel.House.Web.Interfaces\Sannel.House.Web.Interfaces.csproj", "{58D870C0-CF61-4750-AE6C-F03BD958013B}"
EndProject
Project("{9A19103F-16F7-4668-BE54-9A1E7A4F7556}") = "Sannel.House.Web.Models", "src\Sannel.House.Web.Models\Sannel.House.Web.Models.csproj", "{02EF6716-1BCC-4DEA-B085-CCFF6C016EB9}"
EndProject
Project("{9A19103F-16F7-4668-BE54-9A1E7A4F7556}") = "Sannel.House.Web.Tests", "src\Sannel.House.Web.Tests\Sannel.House.Web.Tests.csproj", "{0091FA02-6A63-4D1C-9494-672EF0969935}"
EndProject
Project("{E53339B2-1760-4266-BCC7-CA923CBCF16C}") = "docker-compose", "docker-compose.dcproj", "{43F6DD44-B3E4-4B23-A20D-024D01FDCB0E}"
EndProject
Project("{9A19103F-16F7-4668-BE54-9A1E7A4F7556}") = "Sannel.House.Web.Data", "src\Sannel.House.Web.Data\Sannel.House.Web.Data.csproj", "{13F47628-1A8F-4EE6-8CA0-617389A8F57A}"
EndProject
Project("{FAE04EC0-301F-11D3-BF4B-00C04F79EFBC}") = "Sannel.House.Web.Data.SqlServer", "src\Sannel.House.Web.Data.SqlServer\Sannel.House.Web.Data.SqlServer.csproj", "{D20C10DE-E6A4-49E0-8D53-34F8842C321A}"
EndProject
Project("{FAE04EC0-301F-11D3-BF4B-00C04F79EFBC}") = "Sannel.House.Web.Data.Sqlite", "src\Sannel.House.Web.Data.Sqlite\Sannel.House.Web.Data.Sqlite.csproj", "{369B7212-4367-4FD5-A858-C88B9800600A}"
EndProject
Project("{FAE04EC0-301F-11D3-BF4B-00C04F79EFBC}") = "Sannel.House.Web.Data.MySql", "src\Sannel.House.Web.Data.MySql\Sannel.House.Web.Data.MySql.csproj", "{4650CDAF-E7F8-47D2-AACE-A495875C6420}"
EndProject
Project("{2150E333-8FDC-42A3-9474-1A3956D46DE8}") = "Sannel.House.Web.Data.Migrations", "Sannel.House.Web.Data.Migrations", "{81700AF2-9D69-4A23-900B-BE425A49DE1E}"
EndProject
Global
	GlobalSection(SolutionConfigurationPlatforms) = preSolution
		Debug|Any CPU = Debug|Any CPU
		Release|Any CPU = Release|Any CPU
	EndGlobalSection
	GlobalSection(ProjectConfigurationPlatforms) = postSolution
		{D0B9249F-7613-4361-8811-8D974AF0FE8E}.Debug|Any CPU.ActiveCfg = Debug|Any CPU
		{D0B9249F-7613-4361-8811-8D974AF0FE8E}.Debug|Any CPU.Build.0 = Debug|Any CPU
		{D0B9249F-7613-4361-8811-8D974AF0FE8E}.Release|Any CPU.ActiveCfg = Release|Any CPU
		{D0B9249F-7613-4361-8811-8D974AF0FE8E}.Release|Any CPU.Build.0 = Release|Any CPU
		{58D870C0-CF61-4750-AE6C-F03BD958013B}.Debug|Any CPU.ActiveCfg = Debug|Any CPU
		{58D870C0-CF61-4750-AE6C-F03BD958013B}.Debug|Any CPU.Build.0 = Debug|Any CPU
		{58D870C0-CF61-4750-AE6C-F03BD958013B}.Release|Any CPU.ActiveCfg = Release|Any CPU
		{58D870C0-CF61-4750-AE6C-F03BD958013B}.Release|Any CPU.Build.0 = Release|Any CPU
		{02EF6716-1BCC-4DEA-B085-CCFF6C016EB9}.Debug|Any CPU.ActiveCfg = Debug|Any CPU
		{02EF6716-1BCC-4DEA-B085-CCFF6C016EB9}.Debug|Any CPU.Build.0 = Debug|Any CPU
		{02EF6716-1BCC-4DEA-B085-CCFF6C016EB9}.Release|Any CPU.ActiveCfg = Release|Any CPU
		{02EF6716-1BCC-4DEA-B085-CCFF6C016EB9}.Release|Any CPU.Build.0 = Release|Any CPU
		{0091FA02-6A63-4D1C-9494-672EF0969935}.Debug|Any CPU.ActiveCfg = Debug|Any CPU
		{0091FA02-6A63-4D1C-9494-672EF0969935}.Debug|Any CPU.Build.0 = Debug|Any CPU
		{0091FA02-6A63-4D1C-9494-672EF0969935}.Release|Any CPU.ActiveCfg = Release|Any CPU
		{0091FA02-6A63-4D1C-9494-672EF0969935}.Release|Any CPU.Build.0 = Release|Any CPU
		{43F6DD44-B3E4-4B23-A20D-024D01FDCB0E}.Debug|Any CPU.ActiveCfg = Debug|Any CPU
		{43F6DD44-B3E4-4B23-A20D-024D01FDCB0E}.Debug|Any CPU.Build.0 = Debug|Any CPU
		{43F6DD44-B3E4-4B23-A20D-024D01FDCB0E}.Release|Any CPU.ActiveCfg = Release|Any CPU
		{43F6DD44-B3E4-4B23-A20D-024D01FDCB0E}.Release|Any CPU.Build.0 = Release|Any CPU
		{13F47628-1A8F-4EE6-8CA0-617389A8F57A}.Debug|Any CPU.ActiveCfg = Debug|Any CPU
		{13F47628-1A8F-4EE6-8CA0-617389A8F57A}.Debug|Any CPU.Build.0 = Debug|Any CPU
		{13F47628-1A8F-4EE6-8CA0-617389A8F57A}.Release|Any CPU.ActiveCfg = Release|Any CPU
		{13F47628-1A8F-4EE6-8CA0-617389A8F57A}.Release|Any CPU.Build.0 = Release|Any CPU
		{D20C10DE-E6A4-49E0-8D53-34F8842C321A}.Debug|Any CPU.ActiveCfg = Debug|Any CPU
		{D20C10DE-E6A4-49E0-8D53-34F8842C321A}.Debug|Any CPU.Build.0 = Debug|Any CPU
		{D20C10DE-E6A4-49E0-8D53-34F8842C321A}.Release|Any CPU.ActiveCfg = Release|Any CPU
		{D20C10DE-E6A4-49E0-8D53-34F8842C321A}.Release|Any CPU.Build.0 = Release|Any CPU
		{369B7212-4367-4FD5-A858-C88B9800600A}.Debug|Any CPU.ActiveCfg = Debug|Any CPU
		{369B7212-4367-4FD5-A858-C88B9800600A}.Debug|Any CPU.Build.0 = Debug|Any CPU
		{369B7212-4367-4FD5-A858-C88B9800600A}.Release|Any CPU.ActiveCfg = Release|Any CPU
		{369B7212-4367-4FD5-A858-C88B9800600A}.Release|Any CPU.Build.0 = Release|Any CPU
		{4650CDAF-E7F8-47D2-AACE-A495875C6420}.Debug|Any CPU.ActiveCfg = Debug|Any CPU
		{4650CDAF-E7F8-47D2-AACE-A495875C6420}.Debug|Any CPU.Build.0 = Debug|Any CPU
		{4650CDAF-E7F8-47D2-AACE-A495875C6420}.Release|Any CPU.ActiveCfg = Release|Any CPU
		{4650CDAF-E7F8-47D2-AACE-A495875C6420}.Release|Any CPU.Build.0 = Release|Any CPU
	EndGlobalSection
	GlobalSection(SolutionProperties) = preSolution
		HideSolutionNode = FALSE
	EndGlobalSection
	GlobalSection(NestedProjects) = preSolution
		{D0B9249F-7613-4361-8811-8D974AF0FE8E} = {F84321D6-5C74-4960-AC46-AED4DB263C94}
		{58D870C0-CF61-4750-AE6C-F03BD958013B} = {F84321D6-5C74-4960-AC46-AED4DB263C94}
		{02EF6716-1BCC-4DEA-B085-CCFF6C016EB9} = {F84321D6-5C74-4960-AC46-AED4DB263C94}
		{0091FA02-6A63-4D1C-9494-672EF0969935} = {F84321D6-5C74-4960-AC46-AED4DB263C94}
		{13F47628-1A8F-4EE6-8CA0-617389A8F57A} = {F84321D6-5C74-4960-AC46-AED4DB263C94}
		{D20C10DE-E6A4-49E0-8D53-34F8842C321A} = {81700AF2-9D69-4A23-900B-BE425A49DE1E}
		{369B7212-4367-4FD5-A858-C88B9800600A} = {81700AF2-9D69-4A23-900B-BE425A49DE1E}
		{4650CDAF-E7F8-47D2-AACE-A495875C6420} = {81700AF2-9D69-4A23-900B-BE425A49DE1E}
		{81700AF2-9D69-4A23-900B-BE425A49DE1E} = {F84321D6-5C74-4960-AC46-AED4DB263C94}
	EndGlobalSection
	GlobalSection(ExtensibilityGlobals) = postSolution
		SolutionGuid = {0D1AC7B2-A813-479B-8855-124F721591F3}
	EndGlobalSection
EndGlobal
