
Microsoft Visual Studio Solution File, Format Version 12.00
# Visual Studio 15
VisualStudioVersion = 15.0.27703.2042
MinimumVisualStudioVersion = 10.0.40219.1
Project("{9A19103F-16F7-4668-BE54-9A1E7A4F7556}") = "Sannel.House.Web.Users", "Sannel.House.Web.Users\Sannel.House.Web.Users.csproj", "{E438EA48-4476-4FAE-8355-B376C8AEADA1}"
EndProject
Project("{9A19103F-16F7-4668-BE54-9A1E7A4F7556}") = "Sannel.House.Web.Users.Data", "Sannel.House.Web.Users.Data\Sannel.House.Web.Users.Data.csproj", "{65292714-7B90-47C0-897F-1DA9E41C47E2}"
EndProject
Project("{2150E333-8FDC-42A3-9474-1A3956D46DE8}") = "Migrations", "Migrations", "{EDB22547-363D-41E7-98A1-81D5949652D6}"
EndProject
Project("{9A19103F-16F7-4668-BE54-9A1E7A4F7556}") = "Sannel.House.Web.Users.Data.Sqlite", "Sannel.House.Web.Users.Data.Sqlite\Sannel.House.Web.Users.Data.Sqlite.csproj", "{C8B9802A-EAEA-43BB-AADD-E7C8C4695F32}"
EndProject
Project("{9A19103F-16F7-4668-BE54-9A1E7A4F7556}") = "Sannel.House.Web.Users.Data.SqlServer", "Sannel.House.Web.Users.Data.SqlServer\Sannel.House.Web.Users.Data.SqlServer.csproj", "{0FBC605A-3F51-4085-A3AA-1DDC50AC65E0}"
EndProject
Project("{E53339B2-1760-4266-BCC7-CA923CBCF16C}") = "docker-compose", "docker-compose.dcproj", "{221D67F9-8274-4AC7-B5DA-5A4635A713E6}"
EndProject
Global
	GlobalSection(SolutionConfigurationPlatforms) = preSolution
		Debug|Any CPU = Debug|Any CPU
		Release|Any CPU = Release|Any CPU
	EndGlobalSection
	GlobalSection(ProjectConfigurationPlatforms) = postSolution
		{E438EA48-4476-4FAE-8355-B376C8AEADA1}.Debug|Any CPU.ActiveCfg = Debug|Any CPU
		{E438EA48-4476-4FAE-8355-B376C8AEADA1}.Debug|Any CPU.Build.0 = Debug|Any CPU
		{E438EA48-4476-4FAE-8355-B376C8AEADA1}.Release|Any CPU.ActiveCfg = Release|Any CPU
		{E438EA48-4476-4FAE-8355-B376C8AEADA1}.Release|Any CPU.Build.0 = Release|Any CPU
		{65292714-7B90-47C0-897F-1DA9E41C47E2}.Debug|Any CPU.ActiveCfg = Debug|Any CPU
		{65292714-7B90-47C0-897F-1DA9E41C47E2}.Debug|Any CPU.Build.0 = Debug|Any CPU
		{65292714-7B90-47C0-897F-1DA9E41C47E2}.Release|Any CPU.ActiveCfg = Release|Any CPU
		{65292714-7B90-47C0-897F-1DA9E41C47E2}.Release|Any CPU.Build.0 = Release|Any CPU
		{C8B9802A-EAEA-43BB-AADD-E7C8C4695F32}.Debug|Any CPU.ActiveCfg = Debug|Any CPU
		{C8B9802A-EAEA-43BB-AADD-E7C8C4695F32}.Debug|Any CPU.Build.0 = Debug|Any CPU
		{C8B9802A-EAEA-43BB-AADD-E7C8C4695F32}.Release|Any CPU.ActiveCfg = Release|Any CPU
		{C8B9802A-EAEA-43BB-AADD-E7C8C4695F32}.Release|Any CPU.Build.0 = Release|Any CPU
		{0FBC605A-3F51-4085-A3AA-1DDC50AC65E0}.Debug|Any CPU.ActiveCfg = Debug|Any CPU
		{0FBC605A-3F51-4085-A3AA-1DDC50AC65E0}.Debug|Any CPU.Build.0 = Debug|Any CPU
		{0FBC605A-3F51-4085-A3AA-1DDC50AC65E0}.Release|Any CPU.ActiveCfg = Release|Any CPU
		{0FBC605A-3F51-4085-A3AA-1DDC50AC65E0}.Release|Any CPU.Build.0 = Release|Any CPU
		{221D67F9-8274-4AC7-B5DA-5A4635A713E6}.Debug|Any CPU.ActiveCfg = Debug|Any CPU
		{221D67F9-8274-4AC7-B5DA-5A4635A713E6}.Debug|Any CPU.Build.0 = Debug|Any CPU
		{221D67F9-8274-4AC7-B5DA-5A4635A713E6}.Release|Any CPU.ActiveCfg = Release|Any CPU
		{221D67F9-8274-4AC7-B5DA-5A4635A713E6}.Release|Any CPU.Build.0 = Release|Any CPU
	EndGlobalSection
	GlobalSection(SolutionProperties) = preSolution
		HideSolutionNode = FALSE
	EndGlobalSection
	GlobalSection(NestedProjects) = preSolution
		{C8B9802A-EAEA-43BB-AADD-E7C8C4695F32} = {EDB22547-363D-41E7-98A1-81D5949652D6}
		{0FBC605A-3F51-4085-A3AA-1DDC50AC65E0} = {EDB22547-363D-41E7-98A1-81D5949652D6}
	EndGlobalSection
	GlobalSection(ExtensibilityGlobals) = postSolution
		SolutionGuid = {0F2B1DDD-90B0-45C5-AA21-98A481D51998}
	EndGlobalSection
EndGlobal
